Microsoft Visual Studio Solution File, Format Version 11.00
# Visual Studio 2008

Project("{B4A8975A-7000-332E-0BF5-96B4C249F2F9}") = "Runner1", "Assembly-CSharp-vs.csproj", "{B2CCE481-9A25-08E4-2989-22778C8CEDCA}"
EndProject
Global
	GlobalSection(SolutionConfigurationPlatforms) = preSolution
		Debug|Any CPU = Debug|Any CPU
		Release|Any CPU = Release|Any CPU
	EndGlobalSection
	GlobalSection(ProjectConfigurationPlatforms) = postSolution
		{B2CCE481-9A25-08E4-2989-22778C8CEDCA}.Debug|Any CPU.ActiveCfg = Debug|Any CPU
		{B2CCE481-9A25-08E4-2989-22778C8CEDCA}.Debug|Any CPU.Build.0 = Debug|Any CPU
		{B2CCE481-9A25-08E4-2989-22778C8CEDCA}.Release|Any CPU.ActiveCfg = Release|Any CPU
		{B2CCE481-9A25-08E4-2989-22778C8CEDCA}.Release|Any CPU.Build.0 = Release|Any CPU
	EndGlobalSection
	GlobalSection(SolutionProperties) = preSolution
		HideSolutionNode = FALSE
	EndGlobalSection
													GlobalSection(MonoDevelopProperties) = preSolution
		StartupItem = Assembly-CSharp.csproj
		Policies = $0
		$0.TextStylePolicy = $1
		$1.inheritsSet = null
		$1.scope = text/x-csharp
		$0.CSharpFormattingPolicy = $2
		$2.inheritsSet = Mono
		$2.inheritsScope = text/x-csharp
		$2.scope = text/x-csharp
		$0.TextStylePolicy = $3
		$3.FileWidth = 120
		$3.TabWidth = 4
		$3.IndentWidth = 4
		$3.EolMarker = Unix
		$3.inheritsSet = Mono
		$3.inheritsScope = text/plain
		$3.scope = text/plain
	EndGlobalSection

EndGlobal
